
Microsoft Visual Studio Solution File, Format Version 12.00
Project("{FAE04EC0-301F-11D3-BF4B-00C04F79EFBC}") = "u01", "u01\u01.csproj", "{BA629C51-7E52-45DA-B8DF-816A2125F958}"
EndProject
Project("{FAE04EC0-301F-11D3-BF4B-00C04F79EFBC}") = "u02", "u02\u02.csproj", "{5D01D1F7-18C7-4818-9F0A-3A09E757993A}"
EndProject
Project("{FAE04EC0-301F-11D3-BF4B-00C04F79EFBC}") = "u03", "u03\u03.csproj", "{FBDDADEB-9292-4096-B6EF-8C38C3060010}"
EndProject
Project("{FAE04EC0-301F-11D3-BF4B-00C04F79EFBC}") = "u04", "u04\u04.csproj", "{F6294D80-1722-48EE-B273-7BCEC8CA063C}"
EndProject
Project("{FAE04EC0-301F-11D3-BF4B-00C04F79EFBC}") = "u05", "u05\u05.csproj", "{934A63BD-6078-47ED-BCC8-56E9027DB34B}"
EndProject
Project("{FAE04EC0-301F-11D3-BF4B-00C04F79EFBC}") = "u06", "u06\u06.csproj", "{29EE26A3-8913-47D0-98BF-3D4FDE6DB2BF}"
EndProject
Project("{FAE04EC0-301F-11D3-BF4B-00C04F79EFBC}") = "u07", "u07\u07.csproj", "{F883E88B-BECE-4A54-ACC6-B891BF009A74}"
EndProject
Project("{FAE04EC0-301F-11D3-BF4B-00C04F79EFBC}") = "u08", "u08\u08.csproj", "{61C5EDE9-76A6-4E7D-85B6-5FFCECE69E05}"
EndProject
Project("{FAE04EC0-301F-11D3-BF4B-00C04F79EFBC}") = "u09", "u09\u09.csproj", "{2AF8BFF7-C0D4-4510-AA2D-A13D10E77FB8}"
EndProject
Project("{FAE04EC0-301F-11D3-BF4B-00C04F79EFBC}") = "u10", "u10\u10.csproj", "{6A4B5824-A318-4C8B-9D04-E8A78E40F343}"
EndProject
Project("{FAE04EC0-301F-11D3-BF4B-00C04F79EFBC}") = "test", "test\test.csproj", "{3E30EBB0-9275-4B95-BE15-BDE3A98FA3C6}"
EndProject
Project("{FAE04EC0-301F-11D3-BF4B-00C04F79EFBC}") = "bank", "bank\bank.csproj", "{01FC2A43-96BB-450C-AC9B-CF48EA7289CD}"
EndProject
Global
	GlobalSection(SolutionConfigurationPlatforms) = preSolution
		Debug|Any CPU = Debug|Any CPU
		Release|Any CPU = Release|Any CPU
	EndGlobalSection
	GlobalSection(ProjectConfigurationPlatforms) = postSolution
		{BA629C51-7E52-45DA-B8DF-816A2125F958}.Debug|Any CPU.ActiveCfg = Debug|Any CPU
		{BA629C51-7E52-45DA-B8DF-816A2125F958}.Debug|Any CPU.Build.0 = Debug|Any CPU
		{BA629C51-7E52-45DA-B8DF-816A2125F958}.Release|Any CPU.ActiveCfg = Release|Any CPU
		{BA629C51-7E52-45DA-B8DF-816A2125F958}.Release|Any CPU.Build.0 = Release|Any CPU
		{5D01D1F7-18C7-4818-9F0A-3A09E757993A}.Debug|Any CPU.ActiveCfg = Debug|Any CPU
		{5D01D1F7-18C7-4818-9F0A-3A09E757993A}.Debug|Any CPU.Build.0 = Debug|Any CPU
		{5D01D1F7-18C7-4818-9F0A-3A09E757993A}.Release|Any CPU.ActiveCfg = Release|Any CPU
		{5D01D1F7-18C7-4818-9F0A-3A09E757993A}.Release|Any CPU.Build.0 = Release|Any CPU
		{FBDDADEB-9292-4096-B6EF-8C38C3060010}.Debug|Any CPU.ActiveCfg = Debug|Any CPU
		{FBDDADEB-9292-4096-B6EF-8C38C3060010}.Debug|Any CPU.Build.0 = Debug|Any CPU
		{FBDDADEB-9292-4096-B6EF-8C38C3060010}.Release|Any CPU.ActiveCfg = Release|Any CPU
		{FBDDADEB-9292-4096-B6EF-8C38C3060010}.Release|Any CPU.Build.0 = Release|Any CPU
		{F6294D80-1722-48EE-B273-7BCEC8CA063C}.Debug|Any CPU.ActiveCfg = Debug|Any CPU
		{F6294D80-1722-48EE-B273-7BCEC8CA063C}.Debug|Any CPU.Build.0 = Debug|Any CPU
		{F6294D80-1722-48EE-B273-7BCEC8CA063C}.Release|Any CPU.ActiveCfg = Release|Any CPU
		{F6294D80-1722-48EE-B273-7BCEC8CA063C}.Release|Any CPU.Build.0 = Release|Any CPU
		{934A63BD-6078-47ED-BCC8-56E9027DB34B}.Debug|Any CPU.ActiveCfg = Debug|Any CPU
		{934A63BD-6078-47ED-BCC8-56E9027DB34B}.Debug|Any CPU.Build.0 = Debug|Any CPU
		{934A63BD-6078-47ED-BCC8-56E9027DB34B}.Release|Any CPU.ActiveCfg = Release|Any CPU
		{934A63BD-6078-47ED-BCC8-56E9027DB34B}.Release|Any CPU.Build.0 = Release|Any CPU
		{29EE26A3-8913-47D0-98BF-3D4FDE6DB2BF}.Debug|Any CPU.ActiveCfg = Debug|Any CPU
		{29EE26A3-8913-47D0-98BF-3D4FDE6DB2BF}.Debug|Any CPU.Build.0 = Debug|Any CPU
		{29EE26A3-8913-47D0-98BF-3D4FDE6DB2BF}.Release|Any CPU.ActiveCfg = Release|Any CPU
		{29EE26A3-8913-47D0-98BF-3D4FDE6DB2BF}.Release|Any CPU.Build.0 = Release|Any CPU
		{F883E88B-BECE-4A54-ACC6-B891BF009A74}.Debug|Any CPU.ActiveCfg = Debug|Any CPU
		{F883E88B-BECE-4A54-ACC6-B891BF009A74}.Debug|Any CPU.Build.0 = Debug|Any CPU
		{F883E88B-BECE-4A54-ACC6-B891BF009A74}.Release|Any CPU.ActiveCfg = Release|Any CPU
		{F883E88B-BECE-4A54-ACC6-B891BF009A74}.Release|Any CPU.Build.0 = Release|Any CPU
		{61C5EDE9-76A6-4E7D-85B6-5FFCECE69E05}.Debug|Any CPU.ActiveCfg = Debug|Any CPU
		{61C5EDE9-76A6-4E7D-85B6-5FFCECE69E05}.Debug|Any CPU.Build.0 = Debug|Any CPU
		{61C5EDE9-76A6-4E7D-85B6-5FFCECE69E05}.Release|Any CPU.ActiveCfg = Release|Any CPU
		{61C5EDE9-76A6-4E7D-85B6-5FFCECE69E05}.Release|Any CPU.Build.0 = Release|Any CPU
		{2AF8BFF7-C0D4-4510-AA2D-A13D10E77FB8}.Debug|Any CPU.ActiveCfg = Debug|Any CPU
		{2AF8BFF7-C0D4-4510-AA2D-A13D10E77FB8}.Debug|Any CPU.Build.0 = Debug|Any CPU
		{2AF8BFF7-C0D4-4510-AA2D-A13D10E77FB8}.Release|Any CPU.ActiveCfg = Release|Any CPU
		{2AF8BFF7-C0D4-4510-AA2D-A13D10E77FB8}.Release|Any CPU.Build.0 = Release|Any CPU
		{6A4B5824-A318-4C8B-9D04-E8A78E40F343}.Debug|Any CPU.ActiveCfg = Debug|Any CPU
		{6A4B5824-A318-4C8B-9D04-E8A78E40F343}.Debug|Any CPU.Build.0 = Debug|Any CPU
		{6A4B5824-A318-4C8B-9D04-E8A78E40F343}.Release|Any CPU.ActiveCfg = Release|Any CPU
		{6A4B5824-A318-4C8B-9D04-E8A78E40F343}.Release|Any CPU.Build.0 = Release|Any CPU
		{3E30EBB0-9275-4B95-BE15-BDE3A98FA3C6}.Debug|Any CPU.ActiveCfg = Debug|Any CPU
		{3E30EBB0-9275-4B95-BE15-BDE3A98FA3C6}.Debug|Any CPU.Build.0 = Debug|Any CPU
		{3E30EBB0-9275-4B95-BE15-BDE3A98FA3C6}.Release|Any CPU.ActiveCfg = Release|Any CPU
		{3E30EBB0-9275-4B95-BE15-BDE3A98FA3C6}.Release|Any CPU.Build.0 = Release|Any CPU
		{01FC2A43-96BB-450C-AC9B-CF48EA7289CD}.Debug|Any CPU.ActiveCfg = Debug|Any CPU
		{01FC2A43-96BB-450C-AC9B-CF48EA7289CD}.Debug|Any CPU.Build.0 = Debug|Any CPU
		{01FC2A43-96BB-450C-AC9B-CF48EA7289CD}.Release|Any CPU.ActiveCfg = Release|Any CPU
		{01FC2A43-96BB-450C-AC9B-CF48EA7289CD}.Release|Any CPU.Build.0 = Release|Any CPU
	EndGlobalSection
EndGlobal
